{
  "name": "armada-excellence-os",
  "version": "0.1.0",
  "lockfileVersion": 3,
  "requires": true,
  "packages": {
    "": {
      "name": "armada-excellence-os",
      "version": "0.1.0",
      "license": "UNLICENSED",
      "workspaces": [
        "packages/*",
        "apps/*"
      ],
      "devDependencies": {
        "@types/node": "^22.10.0",
        "typescript": "~5.9.0"
      },
      "engines": {
        "node": ">=22.11"
      }
    },
    "apps/admin": {
      "name": "@armada/admin",
      "version": "0.1.0"
    },
    "apps/api": {
      "name": "@armada/api",
      "version": "0.1.0",
      "dependencies": {
        "@armada/audit": "*",
        "@armada/auth": "*",
        "@armada/connector-collaboratemd": "*",
        "@armada/connector-kipu": "*",
        "@armada/connector-salesforce": "*",
        "@armada/env": "*",
        "@armada/excellence": "*",
        "@armada/feature-flags": "*",
        "@armada/integrations-core": "*",
        "@armada/observability": "*",
        "@armada/work": "*"
      }
    },
    "apps/web": {
      "name": "@armada/web",
      "version": "0.1.0"
    },
    "apps/worker": {
      "name": "@armada/worker",
      "version": "0.1.0",
      "dependencies": {
        "@armada/env": "*",
        "@armada/observability": "*"
      }
    },
    "node_modules/@armada/admin": {
      "resolved": "apps/admin",
      "link": true
    },
    "node_modules/@armada/api": {
      "resolved": "apps/api",
      "link": true
    },
    "node_modules/@armada/audit": {
      "resolved": "packages/audit",
      "link": true
    },
    "node_modules/@armada/auth": {
      "resolved": "packages/auth",
      "link": true
    },
    "node_modules/@armada/config": {
      "resolved": "packages/config",
      "link": true
    },
    "node_modules/@armada/connector-collaboratemd": {
      "resolved": "packages/connector-collaboratemd",
      "link": true
    },
    "node_modules/@armada/connector-kipu": {
      "resolved": "packages/connector-kipu",
      "link": true
    },
    "node_modules/@armada/connector-salesforce": {
      "resolved": "packages/connector-salesforce",
      "link": true
    },
    "node_modules/@armada/env": {
      "resolved": "packages/env",
      "link": true
    },
    "node_modules/@armada/excellence": {
      "resolved": "packages/excellence",
      "link": true
    },
    "node_modules/@armada/feature-flags": {
      "resolved": "packages/feature-flags",
      "link": true
    },
    "node_modules/@armada/integrations-core": {
      "resolved": "packages/integrations-core",
      "link": true
    },
    "node_modules/@armada/observability": {
      "resolved": "packages/observability",
      "link": true
    },
    "node_modules/@armada/web": {
      "resolved": "apps/web",
      "link": true
    },
    "node_modules/@armada/work": {
      "resolved": "packages/work",
      "link": true
    },
    "node_modules/@armada/worker": {
      "resolved": "apps/worker",
      "link": true
    },
    "node_modules/@types/node": {
      "version": "22.20.1",
      "resolved": "https://registry.npmjs.org/@types/node/-/node-22.20.1.tgz",
      "integrity": "sha512-EANqOCF9QFyra+4pfxUcX9STKJpCLjMbObVzljIJomAWSnuSIEAvyzEU53GaajbXJEgdh0iEcPL+DGvpUd4k1Q==",
      "dev": true,
      "license": "MIT",
      "dependencies": {
        "undici-types": "~6.21.0"
      }
    },
    "node_modules/typescript": {
      "version": "5.9.3",
      "resolved": "https://registry.npmjs.org/typescript/-/typescript-5.9.3.tgz",
      "integrity": "sha512-jl1vZzPDinLr9eUt3J/t7V6FgNEw9QjvBPdysz9KfQDD41fQrC2Y4vKQdiaUpFT4bXlb1RHhLpp8wtm6M5TgSw==",
      "dev": true,
      "license": "Apache-2.0",
      "bin": {
        "tsc": "bin/tsc",
        "tsserver": "bin/tsserver"
      },
      "engines": {
        "node": ">=14.17"
      }
    },
    "node_modules/undici-types": {
      "version": "6.21.0",
      "resolved": "https://registry.npmjs.org/undici-types/-/undici-types-6.21.0.tgz",
      "integrity": "sha512-iwDZqg0QAGrg9Rav5H4n0M64c3mkR59cJ6wQp+7C4nI0gsmExaedaYLNO44eT4AtBBwjbTiGPMlt2Md0T9H9JQ==",
      "dev": true,
      "license": "MIT"
    },
    "packages/audit": {
      "name": "@armada/audit",
      "version": "0.1.0"
    },
    "packages/auth": {
      "name": "@armada/auth",
      "version": "0.1.0",
      "dependencies": {
        "@armada/audit": "*"
      }
    },
    "packages/config": {
      "name": "@armada/config",
      "version": "0.1.0"
    },
    "packages/connector-collaboratemd": {
      "name": "@armada/connector-collaboratemd",
      "version": "0.1.0",
      "dependencies": {
        "@armada/integrations-core": "*"
      }
    },
    "packages/connector-kipu": {
      "name": "@armada/connector-kipu",
      "version": "0.1.0",
      "dependencies": {
        "@armada/integrations-core": "*"
      }
    },
    "packages/connector-salesforce": {
      "name": "@armada/connector-salesforce",
      "version": "0.1.0",
      "dependencies": {
        "@armada/integrations-core": "*"
      }
    },
    "packages/env": {
      "name": "@armada/env",
      "version": "0.1.0"
    },
    "packages/excellence": {
      "name": "@armada/excellence",
      "version": "0.1.0",
      "dependencies": {
        "@armada/auth": "*"
      }
    },
    "packages/feature-flags": {
      "name": "@armada/feature-flags",
      "version": "0.1.0"
    },
    "packages/integrations-core": {
      "name": "@armada/integrations-core",
      "version": "0.1.0",
      "dependencies": {
        "@armada/audit": "*"
      }
    },
    "packages/observability": {
      "name": "@armada/observability",
      "version": "0.1.0"
    },
    "packages/work": {
      "name": "@armada/work",
      "version": "0.1.0",
      "dependencies": {
        "@armada/audit": "*",
        "@armada/auth": "*"
      }
    }
  }
}
